// !$*UTF8*$!
{
	archiveVersion = 1;
	classes = {
	};
	objectVersion = 46;
	objects = {

/* Begin PBXBuildFile section */
		4C484307185477DB00AF906F /* RLOCharacterMapping.m in Sources */ = {isa = PBXBuildFile; fileRef = 4C484306185477DB00AF906F /* RLOCharacterMapping.m */; };
		4C591E111852635E0004C548 /* Foundation.framework in Frameworks */ = {isa = PBXBuildFile; fileRef = 4C591E101852635E0004C548 /* Foundation.framework */; };
		4C591E131852635E0004C548 /* CoreGraphics.framework in Frameworks */ = {isa = PBXBuildFile; fileRef = 4C591E121852635E0004C548 /* CoreGraphics.framework */; };
		4C591E151852635E0004C548 /* UIKit.framework in Frameworks */ = {isa = PBXBuildFile; fileRef = 4C591E141852635E0004C548 /* UIKit.framework */; };
		4C591E171852635E0004C548 /* GLKit.framework in Frameworks */ = {isa = PBXBuildFile; fileRef = 4C591E161852635E0004C548 /* GLKit.framework */; };
		4C591E191852635E0004C548 /* OpenGLES.framework in Frameworks */ = {isa = PBXBuildFile; fileRef = 4C591E181852635E0004C548 /* OpenGLES.framework */; };
		4C591E1F1852635E0004C548 /* InfoPlist.strings in Resources */ = {isa = PBXBuildFile; fileRef = 4C591E1D1852635E0004C548 /* InfoPlist.strings */; };
		4C591E211852635E0004C548 /* main.m in Sources */ = {isa = PBXBuildFile; fileRef = 4C591E201852635E0004C548 /* main.m */; };
		4C591E251852635E0004C548 /* AppDelegate.m in Sources */ = {isa = PBXBuildFile; fileRef = 4C591E241852635E0004C548 /* AppDelegate.m */; };
		4C591E281852635E0004C548 /* Main_iPhone.storyboard in Resources */ = {isa = PBXBuildFile; fileRef = 4C591E261852635E0004C548 /* Main_iPhone.storyboard */; };
		4C591E2B1852635E0004C548 /* Main_iPad.storyboard in Resources */ = {isa = PBXBuildFile; fileRef = 4C591E291852635E0004C548 /* Main_iPad.storyboard */; };
		4C591E2D1852635E0004C548 /* Shader.fsh in Resources */ = {isa = PBXBuildFile; fileRef = 4C591E2C1852635E0004C548 /* Shader.fsh */; };
		4C591E2F1852635E0004C548 /* Shader.vsh in Resources */ = {isa = PBXBuildFile; fileRef = 4C591E2E1852635E0004C548 /* Shader.vsh */; };
		4C591E321852635E0004C548 /* ViewController.m in Sources */ = {isa = PBXBuildFile; fileRef = 4C591E311852635E0004C548 /* ViewController.m */; };
		4C591E341852635E0004C548 /* Images.xcassets in Resources */ = {isa = PBXBuildFile; fileRef = 4C591E331852635E0004C548 /* Images.xcassets */; };
		4C591E3B1852635E0004C548 /* XCTest.framework in Frameworks */ = {isa = PBXBuildFile; fileRef = 4C591E3A1852635E0004C548 /* XCTest.framework */; };
		4C591E3C1852635E0004C548 /* Foundation.framework in Frameworks */ = {isa = PBXBuildFile; fileRef = 4C591E101852635E0004C548 /* Foundation.framework */; };
		4C591E3D1852635E0004C548 /* UIKit.framework in Frameworks */ = {isa = PBXBuildFile; fileRef = 4C591E141852635E0004C548 /* UIKit.framework */; };
		4C591E451852635E0004C548 /* InfoPlist.strings in Resources */ = {isa = PBXBuildFile; fileRef = 4C591E431852635E0004C548 /* InfoPlist.strings */; };
		4C591E471852635E0004C548 /* GLExampleTests.m in Sources */ = {isa = PBXBuildFile; fileRef = 4C591E461852635E0004C548 /* GLExampleTests.m */; };
		4C804D2B18547D2A00EC2D38 /* RLOUIApplication.m in Sources */ = {isa = PBXBuildFile; fileRef = 4C804D2A18547D2A00EC2D38 /* RLOUIApplication.m */; };
		4CBFFDF41854963A0005ECA9 /* RLOBundleUpdater.m in Sources */ = {isa = PBXBuildFile; fileRef = 4CBFFDEE1854963A0005ECA9 /* RLOBundleUpdater.m */; };
		4CBFFDF51854963A0005ECA9 /* RLOUnbundler.m in Sources */ = {isa = PBXBuildFile; fileRef = 4CBFFDF11854963A0005ECA9 /* RLOUnbundler.m */; };
		4CBFFDF61854963A0005ECA9 /* RLOUtils.m in Sources */ = {isa = PBXBuildFile; fileRef = 4CBFFDF31854963A0005ECA9 /* RLOUtils.m */; };
		4CD261601855F29D005D85D1 /* OpenGLES.framework in Frameworks */ = {isa = PBXBuildFile; fileRef = 4C591E181852635E0004C548 /* OpenGLES.framework */; };
		4CD261611855F2A1005D85D1 /* CoreGraphics.framework in Frameworks */ = {isa = PBXBuildFile; fileRef = 4C591E121852635E0004C548 /* CoreGraphics.framework */; };
		4CD261621855F2AB005D85D1 /* GLKit.framework in Frameworks */ = {isa = PBXBuildFile; fileRef = 4C591E161852635E0004C548 /* GLKit.framework */; };
		4CF0AD1F18536BDB003AEA7A /* Foundation.framework in Frameworks */ = {isa = PBXBuildFile; fileRef = 4C591E101852635E0004C548 /* Foundation.framework */; };
		4CF0AD2018536BDB003AEA7A /* UIKit.framework in Frameworks */ = {isa = PBXBuildFile; fileRef = 4C591E141852635E0004C548 /* UIKit.framework */; };
		4CF0AD2618536BDB003AEA7A /* InfoPlist.strings in Resources */ = {isa = PBXBuildFile; fileRef = 4CF0AD2418536BDB003AEA7A /* InfoPlist.strings */; };
		4CF0AD3C18538711003AEA7A /* RLORebuildCode.m in Sources */ = {isa = PBXBuildFile; fileRef = 4CF0AD3B18538711003AEA7A /* RLORebuildCode.m */; };
/* End PBXBuildFile section */

/* Begin PBXContainerItemProxy section */
		4C591E3E1852635E0004C548 /* PBXContainerItemProxy */ = {
			isa = PBXContainerItemProxy;
			containerPortal = 4C591E051852635E0004C548 /* Project object */;
			proxyType = 1;
			remoteGlobalIDString = 4C591E0C1852635E0004C548;
			remoteInfo = GLExample;
		};
		4CF0AD31185370F8003AEA7A /* PBXContainerItemProxy */ = {
			isa = PBXContainerItemProxy;
			containerPortal = 4C591E051852635E0004C548 /* Project object */;
			proxyType = 1;
			remoteGlobalIDString = 4CF0AD1C18536BDB003AEA7A;
			remoteInfo = RLOUpdaterBundleGLExample;
		};
/* End PBXContainerItemProxy section */

/* Begin PBXFileReference section */
		4C484305185477DB00AF906F /* RLOCharacterMapping.h */ = {isa = PBXFileReference; fileEncoding = 4; lastKnownFileType = sourcecode.c.h; path = RLOCharacterMapping.h; sourceTree = "<group>"; };
		4C484306185477DB00AF906F /* RLOCharacterMapping.m */ = {isa = PBXFileReference; fileEncoding = 4; lastKnownFileType = sourcecode.c.objc; path = RLOCharacterMapping.m; sourceTree = "<group>"; };
		4C591E0D1852635E0004C548 /* GLExample.app */ = {isa = PBXFileReference; explicitFileType = wrapper.application; includeInIndex = 0; path = GLExample.app; sourceTree = BUILT_PRODUCTS_DIR; };
		4C591E101852635E0004C548 /* Foundation.framework */ = {isa = PBXFileReference; lastKnownFileType = wrapper.framework; name = Foundation.framework; path = System/Library/Frameworks/Foundation.framework; sourceTree = SDKROOT; };
		4C591E121852635E0004C548 /* CoreGraphics.framework */ = {isa = PBXFileReference; lastKnownFileType = wrapper.framework; name = CoreGraphics.framework; path = System/Library/Frameworks/CoreGraphics.framework; sourceTree = SDKROOT; };
		4C591E141852635E0004C548 /* UIKit.framework */ = {isa = PBXFileReference; lastKnownFileType = wrapper.framework; name = UIKit.framework; path = System/Library/Frameworks/UIKit.framework; sourceTree = SDKROOT; };
		4C591E161852635E0004C548 /* GLKit.framework */ = {isa = PBXFileReference; lastKnownFileType = wrapper.framework; name = GLKit.framework; path = System/Library/Frameworks/GLKit.framework; sourceTree = SDKROOT; };
		4C591E181852635E0004C548 /* OpenGLES.framework */ = {isa = PBXFileReference; lastKnownFileType = wrapper.framework; name = OpenGLES.framework; path = System/Library/Frameworks/OpenGLES.framework; sourceTree = SDKROOT; };
		4C591E1C1852635E0004C548 /* GLExample-Info.plist */ = {isa = PBXFileReference; lastKnownFileType = text.plist.xml; path = "GLExample-Info.plist"; sourceTree = "<group>"; };
		4C591E1E1852635E0004C548 /* en */ = {isa = PBXFileReference; lastKnownFileType = text.plist.strings; name = en; path = en.lproj/InfoPlist.strings; sourceTree = "<group>"; };
		4C591E201852635E0004C548 /* main.m */ = {isa = PBXFileReference; lastKnownFileType = sourcecode.c.objc; path = main.m; sourceTree = "<group>"; };
		4C591E221852635E0004C548 /* GLExample-Prefix.pch */ = {isa = PBXFileReference; lastKnownFileType = sourcecode.c.h; path = "GLExample-Prefix.pch"; sourceTree = "<group>"; };
		4C591E231852635E0004C548 /* AppDelegate.h */ = {isa = PBXFileReference; lastKnownFileType = sourcecode.c.h; path = AppDelegate.h; sourceTree = "<group>"; };
		4C591E241852635E0004C548 /* AppDelegate.m */ = {isa = PBXFileReference; lastKnownFileType = sourcecode.c.objc; path = AppDelegate.m; sourceTree = "<group>"; };
		4C591E271852635E0004C548 /* Base */ = {isa = PBXFileReference; lastKnownFileType = file.storyboard; name = Base; path = Base.lproj/Main_iPhone.storyboard; sourceTree = "<group>"; };
		4C591E2A1852635E0004C548 /* Base */ = {isa = PBXFileReference; lastKnownFileType = file.storyboard; name = Base; path = Base.lproj/Main_iPad.storyboard; sourceTree = "<group>"; };
		4C591E2C1852635E0004C548 /* Shader.fsh */ = {isa = PBXFileReference; lastKnownFileType = sourcecode.glsl; name = Shader.fsh; path = Shaders/Shader.fsh; sourceTree = "<group>"; };
		4C591E2E1852635E0004C548 /* Shader.vsh */ = {isa = PBXFileReference; lastKnownFileType = sourcecode.glsl; name = Shader.vsh; path = Shaders/Shader.vsh; sourceTree = "<group>"; };
		4C591E301852635E0004C548 /* ViewController.h */ = {isa = PBXFileReference; lastKnownFileType = sourcecode.c.h; path = ViewController.h; sourceTree = "<group>"; };
		4C591E311852635E0004C548 /* ViewController.m */ = {isa = PBXFileReference; lastKnownFileType = sourcecode.c.objc; path = ViewController.m; sourceTree = "<group>"; };
		4C591E331852635E0004C548 /* Images.xcassets */ = {isa = PBXFileReference; lastKnownFileType = folder.assetcatalog; path = Images.xcassets; sourceTree = "<group>"; };
		4C591E391852635E0004C548 /* GLExampleTests.xctest */ = {isa = PBXFileReference; explicitFileType = wrapper.cfbundle; includeInIndex = 0; path = GLExampleTests.xctest; sourceTree = BUILT_PRODUCTS_DIR; };
		4C591E3A1852635E0004C548 /* XCTest.framework */ = {isa = PBXFileReference; lastKnownFileType = wrapper.framework; name = XCTest.framework; path = Library/Frameworks/XCTest.framework; sourceTree = DEVELOPER_DIR; };
		4C591E421852635E0004C548 /* GLExampleTests-Info.plist */ = {isa = PBXFileReference; lastKnownFileType = text.plist.xml; path = "GLExampleTests-Info.plist"; sourceTree = "<group>"; };
		4C591E441852635E0004C548 /* en */ = {isa = PBXFileReference; lastKnownFileType = text.plist.strings; name = en; path = en.lproj/InfoPlist.strings; sourceTree = "<group>"; };
		4C591E461852635E0004C548 /* GLExampleTests.m */ = {isa = PBXFileReference; lastKnownFileType = sourcecode.c.objc; path = GLExampleTests.m; sourceTree = "<group>"; };
		4C804D2918547D2A00EC2D38 /* RLOUIApplication.h */ = {isa = PBXFileReference; fileEncoding = 4; lastKnownFileType = sourcecode.c.h; path = RLOUIApplication.h; sourceTree = "<group>"; };
		4C804D2A18547D2A00EC2D38 /* RLOUIApplication.m */ = {isa = PBXFileReference; fileEncoding = 4; lastKnownFileType = sourcecode.c.objc; path = RLOUIApplication.m; sourceTree = "<group>"; };
		4C8B7F82187DABF40011E96B /* rloconfig.py */ = {isa = PBXFileReference; lastKnownFileType = text.script.python; path = rloconfig.py; sourceTree = SOURCE_ROOT; };
		4CBFFDED1854963A0005ECA9 /* RLOBundleUpdater.h */ = {isa = PBXFileReference; fileEncoding = 4; lastKnownFileType = sourcecode.c.h; path = RLOBundleUpdater.h; sourceTree = "<group>"; };
		4CBFFDEE1854963A0005ECA9 /* RLOBundleUpdater.m */ = {isa = PBXFileReference; fileEncoding = 4; lastKnownFileType = sourcecode.c.objc; path = RLOBundleUpdater.m; sourceTree = "<group>"; };
		4CBFFDEF1854963A0005ECA9 /* RLODefinitions.h */ = {isa = PBXFileReference; fileEncoding = 4; lastKnownFileType = sourcecode.c.h; path = RLODefinitions.h; sourceTree = "<group>"; };
		4CBFFDF01854963A0005ECA9 /* RLOUnbundler.h */ = {isa = PBXFileReference; fileEncoding = 4; lastKnownFileType = sourcecode.c.h; path = RLOUnbundler.h; sourceTree = "<group>"; };
		4CBFFDF11854963A0005ECA9 /* RLOUnbundler.m */ = {isa = PBXFileReference; fileEncoding = 4; lastKnownFileType = sourcecode.c.objc; path = RLOUnbundler.m; sourceTree = "<group>"; };
		4CBFFDF21854963A0005ECA9 /* RLOUtils.h */ = {isa = PBXFileReference; fileEncoding = 4; lastKnownFileType = sourcecode.c.h; path = RLOUtils.h; sourceTree = "<group>"; };
		4CBFFDF31854963A0005ECA9 /* RLOUtils.m */ = {isa = PBXFileReference; fileEncoding = 4; lastKnownFileType = sourcecode.c.objc; path = RLOUtils.m; sourceTree = "<group>"; };
		4CF0AD1D18536BDB003AEA7A /* RLOUpdaterBundleGLExample.xctest */ = {isa = PBXFileReference; explicitFileType = wrapper.cfbundle; includeInIndex = 0; path = RLOUpdaterBundleGLExample.xctest; sourceTree = BUILT_PRODUCTS_DIR; };
		4CF0AD2318536BDB003AEA7A /* RLOUpdaterBundleGLExample-Info.plist */ = {isa = PBXFileReference; lastKnownFileType = text.plist.xml; path = "RLOUpdaterBundleGLExample-Info.plist"; sourceTree = "<group>"; };
		4CF0AD2518536BDB003AEA7A /* en */ = {isa = PBXFileReference; lastKnownFileType = text.plist.strings; name = en; path = en.lproj/InfoPlist.strings; sourceTree = "<group>"; };
		4CF0AD2918536BDB003AEA7A /* RLOUpdaterBundleGLExample-Prefix.pch */ = {isa = PBXFileReference; lastKnownFileType = sourcecode.c.h; path = "RLOUpdaterBundleGLExample-Prefix.pch"; sourceTree = "<group>"; };
		4CF0AD3B18538711003AEA7A /* RLORebuildCode.m */ = {isa = PBXFileReference; fileEncoding = 4; lastKnownFileType = sourcecode.c.objc; path = RLORebuildCode.m; sourceTree = "<group>"; };
/* End PBXFileReference section */

/* Begin PBXFrameworksBuildPhase section */
		4C591E0A1852635E0004C548 /* Frameworks */ = {
			isa = PBXFrameworksBuildPhase;
			buildActionMask = 2147483647;
			files = (
				4C591E191852635E0004C548 /* OpenGLES.framework in Frameworks */,
				4C591E131852635E0004C548 /* CoreGraphics.framework in Frameworks */,
				4C591E151852635E0004C548 /* UIKit.framework in Frameworks */,
				4C591E171852635E0004C548 /* GLKit.framework in Frameworks */,
				4C591E111852635E0004C548 /* Foundation.framework in Frameworks */,
			);
			runOnlyForDeploymentPostprocessing = 0;
		};
		4C591E361852635E0004C548 /* Frameworks */ = {
			isa = PBXFrameworksBuildPhase;
			buildActionMask = 2147483647;
			files = (
				4C591E3B1852635E0004C548 /* XCTest.framework in Frameworks */,
				4C591E3D1852635E0004C548 /* UIKit.framework in Frameworks */,
				4C591E3C1852635E0004C548 /* Foundation.framework in Frameworks */,
			);
			runOnlyForDeploymentPostprocessing = 0;
		};
		4CF0AD1A18536BDB003AEA7A /* Frameworks */ = {
			isa = PBXFrameworksBuildPhase;
			buildActionMask = 2147483647;
			files = (
				4CD261601855F29D005D85D1 /* OpenGLES.framework in Frameworks */,
				4CD261611855F2A1005D85D1 /* CoreGraphics.framework in Frameworks */,
				4CF0AD2018536BDB003AEA7A /* UIKit.framework in Frameworks */,
				4CD261621855F2AB005D85D1 /* GLKit.framework in Frameworks */,
				4CF0AD1F18536BDB003AEA7A /* Foundation.framework in Frameworks */,
			);
			runOnlyForDeploymentPostprocessing = 0;
		};
/* End PBXFrameworksBuildPhase section */

/* Begin PBXGroup section */
		4C484304185477DB00AF906F /* RLOOptionalClasses */ = {
			isa = PBXGroup;
			children = (
				4C804D2918547D2A00EC2D38 /* RLOUIApplication.h */,
				4C804D2A18547D2A00EC2D38 /* RLOUIApplication.m */,
				4C484305185477DB00AF906F /* RLOCharacterMapping.h */,
				4C484306185477DB00AF906F /* RLOCharacterMapping.m */,
			);
			name = RLOOptionalClasses;
			path = ../../RLOOptionalClasses;
			sourceTree = "<group>";
		};
		4C591E041852635E0004C548 = {
			isa = PBXGroup;
			children = (
				4CBFFDEC1854963A0005ECA9 /* RLOClasses */,
				4C484304185477DB00AF906F /* RLOOptionalClasses */,
				4CF0AD3A18538711003AEA7A /* RLORebuildCode */,
				4C591E1A1852635E0004C548 /* GLExample */,
				4C591E401852635E0004C548 /* GLExampleTests */,
				4CF0AD2118536BDB003AEA7A /* RLOUpdaterBundleGLExample */,
				4C591E0F1852635E0004C548 /* Frameworks */,
				4C591E0E1852635E0004C548 /* Products */,
			);
			sourceTree = "<group>";
		};
		4C591E0E1852635E0004C548 /* Products */ = {
			isa = PBXGroup;
			children = (
				4C591E0D1852635E0004C548 /* GLExample.app */,
				4C591E391852635E0004C548 /* GLExampleTests.xctest */,
				4CF0AD1D18536BDB003AEA7A /* RLOUpdaterBundleGLExample.xctest */,
			);
			name = Products;
			sourceTree = "<group>";
		};
		4C591E0F1852635E0004C548 /* Frameworks */ = {
			isa = PBXGroup;
			children = (
				4C591E101852635E0004C548 /* Foundation.framework */,
				4C591E121852635E0004C548 /* CoreGraphics.framework */,
				4C591E141852635E0004C548 /* UIKit.framework */,
				4C591E161852635E0004C548 /* GLKit.framework */,
				4C591E181852635E0004C548 /* OpenGLES.framework */,
				4C591E3A1852635E0004C548 /* XCTest.framework */,
			);
			name = Frameworks;
			sourceTree = "<group>";
		};
		4C591E1A1852635E0004C548 /* GLExample */ = {
			isa = PBXGroup;
			children = (
				4C591E231852635E0004C548 /* AppDelegate.h */,
				4C591E241852635E0004C548 /* AppDelegate.m */,
				4C591E261852635E0004C548 /* Main_iPhone.storyboard */,
				4C591E291852635E0004C548 /* Main_iPad.storyboard */,
				4C591E2C1852635E0004C548 /* Shader.fsh */,
				4C591E2E1852635E0004C548 /* Shader.vsh */,
				4C591E301852635E0004C548 /* ViewController.h */,
				4C591E311852635E0004C548 /* ViewController.m */,
				4C591E331852635E0004C548 /* Images.xcassets */,
				4C591E1B1852635E0004C548 /* Supporting Files */,
			);
			path = GLExample;
			sourceTree = "<group>";
		};
		4C591E1B1852635E0004C548 /* Supporting Files */ = {
			isa = PBXGroup;
			children = (
				4C8B7F82187DABF40011E96B /* rloconfig.py */,
				4C591E1C1852635E0004C548 /* GLExample-Info.plist */,
				4C591E1D1852635E0004C548 /* InfoPlist.strings */,
				4C591E201852635E0004C548 /* main.m */,
				4C591E221852635E0004C548 /* GLExample-Prefix.pch */,
			);
			name = "Supporting Files";
			sourceTree = "<group>";
		};
		4C591E401852635E0004C548 /* GLExampleTests */ = {
			isa = PBXGroup;
			children = (
				4C591E461852635E0004C548 /* GLExampleTests.m */,
				4C591E411852635E0004C548 /* Supporting Files */,
			);
			path = GLExampleTests;
			sourceTree = "<group>";
		};
		4C591E411852635E0004C548 /* Supporting Files */ = {
			isa = PBXGroup;
			children = (
				4C591E421852635E0004C548 /* GLExampleTests-Info.plist */,
				4C591E431852635E0004C548 /* InfoPlist.strings */,
			);
			name = "Supporting Files";
			sourceTree = "<group>";
		};
		4CBFFDEC1854963A0005ECA9 /* RLOClasses */ = {
			isa = PBXGroup;
			children = (
				4CBFFDED1854963A0005ECA9 /* RLOBundleUpdater.h */,
				4CBFFDEE1854963A0005ECA9 /* RLOBundleUpdater.m */,
				4CBFFDEF1854963A0005ECA9 /* RLODefinitions.h */,
				4CBFFDF01854963A0005ECA9 /* RLOUnbundler.h */,
				4CBFFDF11854963A0005ECA9 /* RLOUnbundler.m */,
				4CBFFDF21854963A0005ECA9 /* RLOUtils.h */,
				4CBFFDF31854963A0005ECA9 /* RLOUtils.m */,
			);
			name = RLOClasses;
			path = ../../RLOClasses;
			sourceTree = "<group>";
		};
		4CF0AD2118536BDB003AEA7A /* RLOUpdaterBundleGLExample */ = {
			isa = PBXGroup;
			children = (
				4CF0AD2218536BDB003AEA7A /* Supporting Files */,
			);
			path = RLOUpdaterBundleGLExample;
			sourceTree = "<group>";
		};
		4CF0AD2218536BDB003AEA7A /* Supporting Files */ = {
			isa = PBXGroup;
			children = (
				4CF0AD2318536BDB003AEA7A /* RLOUpdaterBundleGLExample-Info.plist */,
				4CF0AD2418536BDB003AEA7A /* InfoPlist.strings */,
				4CF0AD2918536BDB003AEA7A /* RLOUpdaterBundleGLExample-Prefix.pch */,
			);
			name = "Supporting Files";
			sourceTree = "<group>";
		};
		4CF0AD3A18538711003AEA7A /* RLORebuildCode */ = {
			isa = PBXGroup;
			children = (
				4CF0AD3B18538711003AEA7A /* RLORebuildCode.m */,
			);
			path = RLORebuildCode;
			sourceTree = "<group>";
		};
/* End PBXGroup section */

/* Begin PBXNativeTarget section */
		4C591E0C1852635E0004C548 /* GLExample */ = {
			isa = PBXNativeTarget;
			buildConfigurationList = 4C591E4A1852635E0004C548 /* Build configuration list for PBXNativeTarget "GLExample" */;
			buildPhases = (
				4CF0AD181853654E003AEA7A /* rlo_buildstart */,
				4C591E091852635E0004C548 /* Sources */,
				4C591E0A1852635E0004C548 /* Frameworks */,
				4C591E0B1852635E0004C548 /* Resources */,
				4CF0AD331853719A003AEA7A /* ShellScript */,
			);
			buildRules = (
			);
			dependencies = (
				4CF0AD32185370F8003AEA7A /* PBXTargetDependency */,
			);
			name = GLExample;
			productName = GLExample;
			productReference = 4C591E0D1852635E0004C548 /* GLExample.app */;
			productType = "com.apple.product-type.application";
		};
		4C591E381852635E0004C548 /* GLExampleTests */ = {
			isa = PBXNativeTarget;
			buildConfigurationList = 4C591E4D1852635E0004C548 /* Build configuration list for PBXNativeTarget "GLExampleTests" */;
			buildPhases = (
				4C591E351852635E0004C548 /* Sources */,
				4C591E361852635E0004C548 /* Frameworks */,
				4C591E371852635E0004C548 /* Resources */,
			);
			buildRules = (
			);
			dependencies = (
				4C591E3F1852635E0004C548 /* PBXTargetDependency */,
			);
			name = GLExampleTests;
			productName = GLExampleTests;
			productReference = 4C591E391852635E0004C548 /* GLExampleTests.xctest */;
			productType = "com.apple.product-type.bundle.unit-test";
		};
		4CF0AD1C18536BDB003AEA7A /* RLOUpdaterBundleGLExample */ = {
			isa = PBXNativeTarget;
			buildConfigurationList = 4CF0AD2C18536BDB003AEA7A /* Build configuration list for PBXNativeTarget "RLOUpdaterBundleGLExample" */;
			buildPhases = (
				4CF0AD2F18536FB3003AEA7A /* rlo_onbuildstart */,
				4CF0AD1918536BDB003AEA7A /* Sources */,
				4CF0AD1A18536BDB003AEA7A /* Frameworks */,
				4CF0AD1B18536BDB003AEA7A /* Resources */,
				4CF0AD3018536FD9003AEA7A /* rlo_onbuildend */,
			);
			buildRules = (
			);
			dependencies = (
			);
			name = RLOUpdaterBundleGLExample;
			productName = RLOUpdaterBundleGLExample;
			productReference = 4CF0AD1D18536BDB003AEA7A /* RLOUpdaterBundleGLExample.xctest */;
			productType = "com.apple.product-type.bundle.unit-test";
		};
/* End PBXNativeTarget section */

/* Begin PBXProject section */
		4C591E051852635E0004C548 /* Project object */ = {
			isa = PBXProject;
			attributes = {
				LastUpgradeCheck = 0500;
				ORGANIZATIONNAME = "Michael Krause";
				TargetAttributes = {
					4C591E381852635E0004C548 = {
						TestTargetID = 4C591E0C1852635E0004C548;
					};
					4CF0AD1C18536BDB003AEA7A = {
						TestTargetID = 4C591E0C1852635E0004C548;
					};
				};
			};
			buildConfigurationList = 4C591E081852635E0004C548 /* Build configuration list for PBXProject "GLExample" */;
			compatibilityVersion = "Xcode 3.2";
			developmentRegion = English;
			hasScannedForEncodings = 0;
			knownRegions = (
				en,
				Base,
			);
			mainGroup = 4C591E041852635E0004C548;
			productRefGroup = 4C591E0E1852635E0004C548 /* Products */;
			projectDirPath = "";
			projectRoot = "";
			targets = (
				4C591E0C1852635E0004C548 /* GLExample */,
				4C591E381852635E0004C548 /* GLExampleTests */,
				4CF0AD1C18536BDB003AEA7A /* RLOUpdaterBundleGLExample */,
			);
		};
/* End PBXProject section */

/* Begin PBXResourcesBuildPhase section */
		4C591E0B1852635E0004C548 /* Resources */ = {
			isa = PBXResourcesBuildPhase;
			buildActionMask = 2147483647;
			files = (
				4C591E2D1852635E0004C548 /* Shader.fsh in Resources */,
				4C591E2B1852635E0004C548 /* Main_iPad.storyboard in Resources */,
				4C591E281852635E0004C548 /* Main_iPhone.storyboard in Resources */,
				4C591E341852635E0004C548 /* Images.xcassets in Resources */,
				4C591E1F1852635E0004C548 /* InfoPlist.strings in Resources */,
				4C591E2F1852635E0004C548 /* Shader.vsh in Resources */,
			);
			runOnlyForDeploymentPostprocessing = 0;
		};
		4C591E371852635E0004C548 /* Resources */ = {
			isa = PBXResourcesBuildPhase;
			buildActionMask = 2147483647;
			files = (
				4C591E451852635E0004C548 /* InfoPlist.strings in Resources */,
			);
			runOnlyForDeploymentPostprocessing = 0;
		};
		4CF0AD1B18536BDB003AEA7A /* Resources */ = {
			isa = PBXResourcesBuildPhase;
			buildActionMask = 2147483647;
			files = (
				4CF0AD2618536BDB003AEA7A /* InfoPlist.strings in Resources */,
			);
			runOnlyForDeploymentPostprocessing = 0;
		};
/* End PBXResourcesBuildPhase section */

/* Begin PBXShellScriptBuildPhase section */
		4CF0AD181853654E003AEA7A /* rlo_buildstart */ = {
			isa = PBXShellScriptBuildPhase;
			buildActionMask = 2147483647;
			files = (
			);
			inputPaths = (
			);
			name = rlo_buildstart;
			outputPaths = (
			);
			runOnlyForDeploymentPostprocessing = 0;
			shellPath = /bin/sh;
			shellScript = "exec ${SRCROOT}/../../scripts/rlo_onbuildstart.sh RLOUpdaterBundle${TARGET_NAME}.xctest\n";
		};
		4CF0AD2F18536FB3003AEA7A /* rlo_onbuildstart */ = {
			isa = PBXShellScriptBuildPhase;
			buildActionMask = 2147483647;
			files = (
			);
			inputPaths = (
			);
			name = rlo_onbuildstart;
			outputPaths = (
			);
			runOnlyForDeploymentPostprocessing = 0;
			shellPath = /bin/sh;
			shellScript = "exec ${SRCROOT}/../../scripts/rlo_onbuildstart.sh RLOUpdaterBundle${TARGET_NAME}.xctest ";
		};
		4CF0AD3018536FD9003AEA7A /* rlo_onbuildend */ = {
			isa = PBXShellScriptBuildPhase;
			buildActionMask = 2147483647;
			files = (
			);
			inputPaths = (
			);
			name = rlo_onbuildend;
			outputPaths = (
			);
			runOnlyForDeploymentPostprocessing = 0;
			shellPath = /bin/sh;
			shellScript = "exec ${SRCROOT}/../../scripts/rlo_onbuildend.sh";
		};
		4CF0AD331853719A003AEA7A /* ShellScript */ = {
			isa = PBXShellScriptBuildPhase;
			buildActionMask = 2147483647;
			files = (
			);
			inputPaths = (
			);
			outputPaths = (
			);
			runOnlyForDeploymentPostprocessing = 0;
			shellPath = /bin/sh;
			shellScript = "exec ${SRCROOT}/../../scripts/rlo_onbuildend.sh";
		};
/* End PBXShellScriptBuildPhase section */

/* Begin PBXSourcesBuildPhase section */
		4C591E091852635E0004C548 /* Sources */ = {
			isa = PBXSourcesBuildPhase;
			buildActionMask = 2147483647;
			files = (
				4C591E321852635E0004C548 /* ViewController.m in Sources */,
				4C591E251852635E0004C548 /* AppDelegate.m in Sources */,
				4C804D2B18547D2A00EC2D38 /* RLOUIApplication.m in Sources */,
				4CBFFDF61854963A0005ECA9 /* RLOUtils.m in Sources */,
				4CBFFDF41854963A0005ECA9 /* RLOBundleUpdater.m in Sources */,
				4C484307185477DB00AF906F /* RLOCharacterMapping.m in Sources */,
				4CBFFDF51854963A0005ECA9 /* RLOUnbundler.m in Sources */,
				4C591E211852635E0004C548 /* main.m in Sources */,
			);
			runOnlyForDeploymentPostprocessing = 0;
		};
		4C591E351852635E0004C548 /* Sources */ = {
			isa = PBXSourcesBuildPhase;
			buildActionMask = 2147483647;
			files = (
				4C591E471852635E0004C548 /* GLExampleTests.m in Sources */,
			);
			runOnlyForDeploymentPostprocessing = 0;
		};
		4CF0AD1918536BDB003AEA7A /* Sources */ = {
			isa = PBXSourcesBuildPhase;
			buildActionMask = 2147483647;
			files = (
				4CF0AD3C18538711003AEA7A /* RLORebuildCode.m in Sources */,
			);
			runOnlyForDeploymentPostprocessing = 0;
		};
/* End PBXSourcesBuildPhase section */

/* Begin PBXTargetDependency section */
		4C591E3F1852635E0004C548 /* PBXTargetDependency */ = {
			isa = PBXTargetDependency;
			target = 4C591E0C1852635E0004C548 /* GLExample */;
			targetProxy = 4C591E3E1852635E0004C548 /* PBXContainerItemProxy */;
		};
		4CF0AD32185370F8003AEA7A /* PBXTargetDependency */ = {
			isa = PBXTargetDependency;
			target = 4CF0AD1C18536BDB003AEA7A /* RLOUpdaterBundleGLExample */;
			targetProxy = 4CF0AD31185370F8003AEA7A /* PBXContainerItemProxy */;
		};
/* End PBXTargetDependency section */

/* Begin PBXVariantGroup section */
		4C591E1D1852635E0004C548 /* InfoPlist.strings */ = {
			isa = PBXVariantGroup;
			children = (
				4C591E1E1852635E0004C548 /* en */,
			);
			name = InfoPlist.strings;
			sourceTree = "<group>";
		};
		4C591E261852635E0004C548 /* Main_iPhone.storyboard */ = {
			isa = PBXVariantGroup;
			children = (
				4C591E271852635E0004C548 /* Base */,
			);
			name = Main_iPhone.storyboard;
			sourceTree = "<group>";
		};
		4C591E291852635E0004C548 /* Main_iPad.storyboard */ = {
			isa = PBXVariantGroup;
			children = (
				4C591E2A1852635E0004C548 /* Base */,
			);
			name = Main_iPad.storyboard;
			sourceTree = "<group>";
		};
		4C591E431852635E0004C548 /* InfoPlist.strings */ = {
			isa = PBXVariantGroup;
			children = (
				4C591E441852635E0004C548 /* en */,
			);
			name = InfoPlist.strings;
			sourceTree = "<group>";
		};
		4CF0AD2418536BDB003AEA7A /* InfoPlist.strings */ = {
			isa = PBXVariantGroup;
			children = (
				4CF0AD2518536BDB003AEA7A /* en */,
			);
			name = InfoPlist.strings;
			sourceTree = "<group>";
		};
/* End PBXVariantGroup section */

/* Begin XCBuildConfiguration section */
		4C591E481852635E0004C548 /* Debug */ = {
			isa = XCBuildConfiguration;
			buildSettings = {
				ALWAYS_SEARCH_USER_PATHS = NO;
				ARCHS = "$(ARCHS_STANDARD_INCLUDING_64_BIT)";
				CLANG_CXX_LANGUAGE_STANDARD = "gnu++0x";
				CLANG_CXX_LIBRARY = "libc++";
				CLANG_ENABLE_MODULES = YES;
				CLANG_ENABLE_OBJC_ARC = YES;
				CLANG_WARN_BOOL_CONVERSION = YES;
				CLANG_WARN_CONSTANT_CONVERSION = YES;
				CLANG_WARN_DIRECT_OBJC_ISA_USAGE = YES_ERROR;
				CLANG_WARN_EMPTY_BODY = YES;
				CLANG_WARN_ENUM_CONVERSION = YES;
				CLANG_WARN_INT_CONVERSION = YES;
				CLANG_WARN_OBJC_ROOT_CLASS = YES_ERROR;
				CLANG_WARN__DUPLICATE_METHOD_MATCH = YES;
				"CODE_SIGN_IDENTITY[sdk=iphoneos*]" = "iPhone Developer";
				COPY_PHASE_STRIP = NO;
				GCC_C_LANGUAGE_STANDARD = gnu99;
				GCC_DYNAMIC_NO_PIC = NO;
				GCC_OPTIMIZATION_LEVEL = 0;
				GCC_PREPROCESSOR_DEFINITIONS = (
					"DEBUG=1",
					"$(inherited)",
				);
				GCC_SYMBOLS_PRIVATE_EXTERN = NO;
				GCC_WARN_64_TO_32_BIT_CONVERSION = YES;
				GCC_WARN_ABOUT_RETURN_TYPE = YES_ERROR;
				GCC_WARN_UNDECLARED_SELECTOR = YES;
				GCC_WARN_UNINITIALIZED_AUTOS = YES;
				GCC_WARN_UNUSED_FUNCTION = YES;
				GCC_WARN_UNUSED_VARIABLE = YES;
				IPHONEOS_DEPLOYMENT_TARGET = 7.0;
				ONLY_ACTIVE_ARCH = YES;
				SDKROOT = iphoneos;
				TARGETED_DEVICE_FAMILY = "1,2";
			};
			name = Debug;
		};
		4C591E491852635E0004C548 /* Release */ = {
			isa = XCBuildConfiguration;
			buildSettings = {
				ALWAYS_SEARCH_USER_PATHS = NO;
				ARCHS = "$(ARCHS_STANDARD_INCLUDING_64_BIT)";
				CLANG_CXX_LANGUAGE_STANDARD = "gnu++0x";
				CLANG_CXX_LIBRARY = "libc++";
				CLANG_ENABLE_MODULES = YES;
				CLANG_ENABLE_OBJC_ARC = YES;
				CLANG_WARN_BOOL_CONVERSION = YES;
				CLANG_WARN_CONSTANT_CONVERSION = YES;
				CLANG_WARN_DIRECT_OBJC_ISA_USAGE = YES_ERROR;
				CLANG_WARN_EMPTY_BODY = YES;
				CLANG_WARN_ENUM_CONVERSION = YES;
				CLANG_WARN_INT_CONVERSION = YES;
				CLANG_WARN_OBJC_ROOT_CLASS = YES_ERROR;
				CLANG_WARN__DUPLICATE_METHOD_MATCH = YES;
				"CODE_SIGN_IDENTITY[sdk=iphoneos*]" = "iPhone Developer";
				COPY_PHASE_STRIP = YES;
				ENABLE_NS_ASSERTIONS = NO;
				GCC_C_LANGUAGE_STANDARD = gnu99;
				GCC_WARN_64_TO_32_BIT_CONVERSION = YES;
				GCC_WARN_ABOUT_RETURN_TYPE = YES_ERROR;
				GCC_WARN_UNDECLARED_SELECTOR = YES;
				GCC_WARN_UNINITIALIZED_AUTOS = YES;
				GCC_WARN_UNUSED_FUNCTION = YES;
				GCC_WARN_UNUSED_VARIABLE = YES;
				IPHONEOS_DEPLOYMENT_TARGET = 7.0;
				SDKROOT = iphoneos;
				TARGETED_DEVICE_FAMILY = "1,2";
				VALIDATE_PRODUCT = YES;
			};
			name = Release;
		};
		4C591E4B1852635E0004C548 /* Debug */ = {
			isa = XCBuildConfiguration;
			buildSettings = {
				ASSETCATALOG_COMPILER_APPICON_NAME = AppIcon;
				ASSETCATALOG_COMPILER_LAUNCHIMAGE_NAME = LaunchImage;
				DEBUG_INFORMATION_FORMAT = dwarf;
				GCC_PRECOMPILE_PREFIX_HEADER = YES;
				GCC_PREFIX_HEADER = "GLExample/GLExample-Prefix.pch";
				INFOPLIST_FILE = "GLExample/GLExample-Info.plist";
				PRODUCT_NAME = "$(TARGET_NAME)";
				WRAPPER_EXTENSION = app;
			};
			name = Debug;
		};
		4C591E4C1852635E0004C548 /* Release */ = {
			isa = XCBuildConfiguration;
			buildSettings = {
				ASSETCATALOG_COMPILER_APPICON_NAME = AppIcon;
				ASSETCATALOG_COMPILER_LAUNCHIMAGE_NAME = LaunchImage;
				DEBUG_INFORMATION_FORMAT = dwarf;
				GCC_PRECOMPILE_PREFIX_HEADER = YES;
				GCC_PREFIX_HEADER = "GLExample/GLExample-Prefix.pch";
				INFOPLIST_FILE = "GLExample/GLExample-Info.plist";
				PRODUCT_NAME = "$(TARGET_NAME)";
				WRAPPER_EXTENSION = app;
			};
			name = Release;
		};
		4C591E4E1852635E0004C548 /* Debug */ = {
			isa = XCBuildConfiguration;
			buildSettings = {
				ARCHS = "$(ARCHS_STANDARD_INCLUDING_64_BIT)";
				BUNDLE_LOADER = "$(BUILT_PRODUCTS_DIR)/GLExample.app/GLExample";
				FRAMEWORK_SEARCH_PATHS = (
					"$(SDKROOT)/Developer/Library/Frameworks",
					"$(inherited)",
					"$(DEVELOPER_FRAMEWORKS_DIR)",
				);
				GCC_PRECOMPILE_PREFIX_HEADER = YES;
				GCC_PREFIX_HEADER = "GLExample/GLExample-Prefix.pch";
				GCC_PREPROCESSOR_DEFINITIONS = (
					"DEBUG=1",
					"$(inherited)",
				);
				INFOPLIST_FILE = "GLExampleTests/GLExampleTests-Info.plist";
				PRODUCT_NAME = "$(TARGET_NAME)";
				TEST_HOST = "$(BUNDLE_LOADER)";
				WRAPPER_EXTENSION = xctest;
			};
			name = Debug;
		};
		4C591E4F1852635E0004C548 /* Release */ = {
			isa = XCBuildConfiguration;
			buildSettings = {
				ARCHS = "$(ARCHS_STANDARD_INCLUDING_64_BIT)";
				BUNDLE_LOADER = "$(BUILT_PRODUCTS_DIR)/GLExample.app/GLExample";
				FRAMEWORK_SEARCH_PATHS = (
					"$(SDKROOT)/Developer/Library/Frameworks",
					"$(inherited)",
					"$(DEVELOPER_FRAMEWORKS_DIR)",
				);
				GCC_PRECOMPILE_PREFIX_HEADER = YES;
				GCC_PREFIX_HEADER = "GLExample/GLExample-Prefix.pch";
				INFOPLIST_FILE = "GLExampleTests/GLExampleTests-Info.plist";
				PRODUCT_NAME = "$(TARGET_NAME)";
				TEST_HOST = "$(BUNDLE_LOADER)";
				WRAPPER_EXTENSION = xctest;
			};
			name = Release;
		};
		4CF0AD2D18536BDB003AEA7A /* Debug */ = {
			isa = XCBuildConfiguration;
			buildSettings = {
				ARCHS = "$(ARCHS_STANDARD_INCLUDING_64_BIT)";
				BUNDLE_LOADER = "$(BUILT_PRODUCTS_DIR)/GLExample.app/GLExample";
				FRAMEWORK_SEARCH_PATHS = (
					"$(SDKROOT)/Developer/Library/Frameworks",
					"$(inherited)",
					"$(DEVELOPER_FRAMEWORKS_DIR)",
				);
				GCC_GENERATE_DEBUGGING_SYMBOLS = NO;
				GCC_PRECOMPILE_PREFIX_HEADER = YES;
				GCC_PREFIX_HEADER = "RLOUpdaterBundleGLExample/RLOUpdaterBundleGLExample-Prefix.pch";
				GCC_PREPROCESSOR_DEFINITIONS = (
					"DEBUG=1",
					"$(inherited)",
				);
				INFOPLIST_FILE = "RLOUpdaterBundleGLExample/RLOUpdaterBundleGLExample-Info.plist";
				OTHER_LDFLAGS = "";
				PRODUCT_NAME = "$(TARGET_NAME)";
				TEST_HOST = "$(BUNDLE_LOADER)";
				WRAPPER_EXTENSION = xctest;
			};
			name = Debug;
		};
		4CF0AD2E18536BDB003AEA7A /* Release */ = {
			isa = XCBuildConfiguration;
			buildSettings = {
				ARCHS = "$(ARCHS_STANDARD_INCLUDING_64_BIT)";
				BUNDLE_LOADER = "$(BUILT_PRODUCTS_DIR)/GLExample.app/GLExample";
				FRAMEWORK_SEARCH_PATHS = (
					"$(SDKROOT)/Developer/Library/Frameworks",
					"$(inherited)",
					"$(DEVELOPER_FRAMEWORKS_DIR)",
				);
				GCC_GENERATE_DEBUGGING_SYMBOLS = NO;
				GCC_PRECOMPILE_PREFIX_HEADER = YES;
				GCC_PREFIX_HEADER = "RLOUpdaterBundleGLExample/RLOUpdaterBundleGLExample-Prefix.pch";
				INFOPLIST_FILE = "RLOUpdaterBundleGLExample/RLOUpdaterBundleGLExample-Info.plist";
				OTHER_LDFLAGS = "";
				PRODUCT_NAME = "$(TARGET_NAME)";
				TEST_HOST = "$(BUNDLE_LOADER)";
				WRAPPER_EXTENSION = xctest;
			};
			name = Release;
		};
/* End XCBuildConfiguration section */

/* Begin XCConfigurationList section */
		4C591E081852635E0004C548 /* Build configuration list for PBXProject "GLExample" */ = {
			isa = XCConfigurationList;
			buildConfigurations = (
				4C591E481852635E0004C548 /* Debug */,
				4C591E491852635E0004C548 /* Release */,
			);
			defaultConfigurationIsVisible = 0;
			defaultConfigurationName = Release;
		};
		4C591E4A1852635E0004C548 /* Build configuration list for PBXNativeTarget "GLExample" */ = {
			isa = XCConfigurationList;
			buildConfigurations = (
				4C591E4B1852635E0004C548 /* Debug */,
				4C591E4C1852635E0004C548 /* Release */,
			);
			defaultConfigurationIsVisible = 0;
			defaultConfigurationName = Release;
		};
		4C591E4D1852635E0004C548 /* Build configuration list for PBXNativeTarget "GLExampleTests" */ = {
			isa = XCConfigurationList;
			buildConfigurations = (
				4C591E4E1852635E0004C548 /* Debug */,
				4C591E4F1852635E0004C548 /* Release */,
			);
			defaultConfigurationIsVisible = 0;
			defaultConfigurationName = Release;
		};
		4CF0AD2C18536BDB003AEA7A /* Build configuration list for PBXNativeTarget "RLOUpdaterBundleGLExample" */ = {
			isa = XCConfigurationList;
			buildConfigurations = (
				4CF0AD2D18536BDB003AEA7A /* Debug */,
				4CF0AD2E18536BDB003AEA7A /* Release */,
			);
			defaultConfigurationIsVisible = 0;
			defaultConfigurationName = Release;
		};
/* End XCConfigurationList section */
	};
	rootObject = 4C591E051852635E0004C548 /* Project object */;
}
